// !$*UTF8*$!
{
	archiveVersion = 1;
	classes = {
	};
	objectVersion = 51;
	objects = {

/* Begin PBXBuildFile section */
		571EF54823DF2FCF006E678A /* Movie.swift in Sources */ = {isa = PBXBuildFile; fileRef = 571EF54723DF2FCF006E678A /* Movie.swift */; };
		571EF54B23DF32CD006E678A /* MovieTableViewCell.swift in Sources */ = {isa = PBXBuildFile; fileRef = 571EF54A23DF32CD006E678A /* MovieTableViewCell.swift */; };
		571EF54D23DF6C1B006E678A /* Search.swift in Sources */ = {isa = PBXBuildFile; fileRef = 571EF54C23DF6C1B006E678A /* Search.swift */; };
		571EF55023DF91BC006E678A /* Private-Info.plist in Resources */ = {isa = PBXBuildFile; fileRef = 571EF54E23DF91BC006E678A /* Private-Info.plist */; };
		571EF55123DF91BC006E678A /* GoogleService-Info.plist in Resources */ = {isa = PBXBuildFile; fileRef = 571EF54F23DF91BC006E678A /* GoogleService-Info.plist */; };
		571EF55423DF97DF006E678A /* MovieDetailViewController.swift in Sources */ = {isa = PBXBuildFile; fileRef = 571EF55323DF97DF006E678A /* MovieDetailViewController.swift */; };
		571EF55923E043A2006E678A /* SFTableView.swift in Sources */ = {isa = PBXBuildFile; fileRef = 571EF55823E043A2006E678A /* SFTableView.swift */; };
		571EF55E23E0BE2F006E678A /* SFTableViewCell.swift in Sources */ = {isa = PBXBuildFile; fileRef = 571EF55D23E0BE2F006E678A /* SFTableViewCell.swift */; };
		571EF56023E0C12E006E678A /* MovieDetail.swift in Sources */ = {isa = PBXBuildFile; fileRef = 571EF55F23E0C12E006E678A /* MovieDetail.swift */; };
		571EF56223E0C2C9006E678A /* Rating.swift in Sources */ = {isa = PBXBuildFile; fileRef = 571EF56123E0C2C9006E678A /* Rating.swift */; };
		571EF56423E10A71006E678A /* MoviePosterTableViewCell.swift in Sources */ = {isa = PBXBuildFile; fileRef = 571EF56323E10A71006E678A /* MoviePosterTableViewCell.swift */; };
		5721E63223DC729E00654197 /* AppDelegate.swift in Sources */ = {isa = PBXBuildFile; fileRef = 5721E63123DC729E00654197 /* AppDelegate.swift */; };
		5721E63623DC729E00654197 /* SplashScreenViewController.swift in Sources */ = {isa = PBXBuildFile; fileRef = 5721E63523DC729E00654197 /* SplashScreenViewController.swift */; };
		5721E63B23DC72A000654197 /* Assets.xcassets in Resources */ = {isa = PBXBuildFile; fileRef = 5721E63A23DC72A000654197 /* Assets.xcassets */; };
		5721E63E23DC72A000654197 /* LaunchScreen.storyboard in Resources */ = {isa = PBXBuildFile; fileRef = 5721E63C23DC72A000654197 /* LaunchScreen.storyboard */; };
		5721E64C23DC750A00654197 /* SplashScreenView.swift in Sources */ = {isa = PBXBuildFile; fileRef = 5721E64B23DC750A00654197 /* SplashScreenView.swift */; };
		5721E65123DC756800654197 /* SFViewController.swift in Sources */ = {isa = PBXBuildFile; fileRef = 5721E65023DC756800654197 /* SFViewController.swift */; };
		5721E65323DC76D400654197 /* SFView.swift in Sources */ = {isa = PBXBuildFile; fileRef = 5721E65223DC76D400654197 /* SFView.swift */; };
		5721E65A23DC81D100654197 /* ApiConstants.swift in Sources */ = {isa = PBXBuildFile; fileRef = 5721E65923DC81D100654197 /* ApiConstants.swift */; };
		5721E65E23DC86A300654197 /* Utilities.swift in Sources */ = {isa = PBXBuildFile; fileRef = 5721E65D23DC86A300654197 /* Utilities.swift */; };
		5721E66023DC944A00654197 /* Alert.swift in Sources */ = {isa = PBXBuildFile; fileRef = 5721E65F23DC944A00654197 /* Alert.swift */; };
		5721E66423DCA28D00654197 /* LayoutConstants.swift in Sources */ = {isa = PBXBuildFile; fileRef = 5721E66323DCA28D00654197 /* LayoutConstants.swift */; };
		5721E66E23DCA70400654197 /* Quicksand-Bold.ttf in Resources */ = {isa = PBXBuildFile; fileRef = 5721E66C23DCA6F000654197 /* Quicksand-Bold.ttf */; };
		5721E66F23DCA70400654197 /* Quicksand-Light.ttf in Resources */ = {isa = PBXBuildFile; fileRef = 5721E66823DCA6F000654197 /* Quicksand-Light.ttf */; };
		5721E67023DCA70400654197 /* Quicksand-Medium.ttf in Resources */ = {isa = PBXBuildFile; fileRef = 5721E66B23DCA6F000654197 /* Quicksand-Medium.ttf */; };
		5721E67123DCA70400654197 /* Quicksand-Regular.ttf in Resources */ = {isa = PBXBuildFile; fileRef = 5721E66A23DCA6F000654197 /* Quicksand-Regular.ttf */; };
		5721E67223DCA70400654197 /* Quicksand-SemiBold.ttf in Resources */ = {isa = PBXBuildFile; fileRef = 5721E66923DCA6F000654197 /* Quicksand-SemiBold.ttf */; };
		5721E67423DCA7CA00654197 /* Font.swift in Sources */ = {isa = PBXBuildFile; fileRef = 5721E67323DCA7CA00654197 /* Font.swift */; };
		5741F8E823DCB99F00DAA13A /* MainTableViewController.swift in Sources */ = {isa = PBXBuildFile; fileRef = 5741F8E723DCB99F00DAA13A /* MainTableViewController.swift */; };
		5741F8EE23DCC66C00DAA13A /* RemoteConfigDefaults.plist in Resources */ = {isa = PBXBuildFile; fileRef = 5741F8ED23DCC66C00DAA13A /* RemoteConfigDefaults.plist */; };
		577FD91023DE6FF2000A46B2 /* Localizable.strings in Resources */ = {isa = PBXBuildFile; fileRef = 577FD91223DE6FF2000A46B2 /* Localizable.strings */; };
		577FD92123DEFD4A000A46B2 /* SFTableViewController.swift in Sources */ = {isa = PBXBuildFile; fileRef = 577FD92023DEFD4A000A46B2 /* SFTableViewController.swift */; };
		577FD92423DF0327000A46B2 /* BackgroundView.swift in Sources */ = {isa = PBXBuildFile; fileRef = 577FD92323DF0327000A46B2 /* BackgroundView.swift */; };
		57BEEF2B24002DC300A7DA5F /* Network.swift in Sources */ = {isa = PBXBuildFile; fileRef = 57BEEF2A24002DC300A7DA5F /* Network.swift */; };
		57BEEF2E2400322B00A7DA5F /* UIImageView+downloadImage.swift in Sources */ = {isa = PBXBuildFile; fileRef = 57BEEF2D2400322B00A7DA5F /* UIImageView+downloadImage.swift */; };
		D03E13C972B1ACE84D7CB9AC /* Pods_Sinefil.framework in Frameworks */ = {isa = PBXBuildFile; fileRef = FAB52F7777689C400627FA62 /* Pods_Sinefil.framework */; };
/* End PBXBuildFile section */

/* Begin PBXFileReference section */
		3D704B5B68C6283E6FD9A598 /* Pods-Sinefil.debug.xcconfig */ = {isa = PBXFileReference; includeInIndex = 1; lastKnownFileType = text.xcconfig; name = "Pods-Sinefil.debug.xcconfig"; path = "Target Support Files/Pods-Sinefil/Pods-Sinefil.debug.xcconfig"; sourceTree = "<group>"; };
		571EF54723DF2FCF006E678A /* Movie.swift */ = {isa = PBXFileReference; lastKnownFileType = sourcecode.swift; path = Movie.swift; sourceTree = "<group>"; };
		571EF54A23DF32CD006E678A /* MovieTableViewCell.swift */ = {isa = PBXFileReference; lastKnownFileType = sourcecode.swift; path = MovieTableViewCell.swift; sourceTree = "<group>"; };
		571EF54C23DF6C1B006E678A /* Search.swift */ = {isa = PBXFileReference; lastKnownFileType = sourcecode.swift; path = Search.swift; sourceTree = "<group>"; };
		571EF54E23DF91BC006E678A /* Private-Info.plist */ = {isa = PBXFileReference; fileEncoding = 4; lastKnownFileType = text.plist.xml; path = "Private-Info.plist"; sourceTree = "<group>"; };
		571EF54F23DF91BC006E678A /* GoogleService-Info.plist */ = {isa = PBXFileReference; fileEncoding = 4; lastKnownFileType = text.plist.xml; path = "GoogleService-Info.plist"; sourceTree = "<group>"; };
		571EF55323DF97DF006E678A /* MovieDetailViewController.swift */ = {isa = PBXFileReference; lastKnownFileType = sourcecode.swift; path = MovieDetailViewController.swift; sourceTree = "<group>"; };
		571EF55823E043A2006E678A /* SFTableView.swift */ = {isa = PBXFileReference; lastKnownFileType = sourcecode.swift; path = SFTableView.swift; sourceTree = "<group>"; };
		571EF55D23E0BE2F006E678A /* SFTableViewCell.swift */ = {isa = PBXFileReference; lastKnownFileType = sourcecode.swift; path = SFTableViewCell.swift; sourceTree = "<group>"; };
		571EF55F23E0C12E006E678A /* MovieDetail.swift */ = {isa = PBXFileReference; lastKnownFileType = sourcecode.swift; path = MovieDetail.swift; sourceTree = "<group>"; };
		571EF56123E0C2C9006E678A /* Rating.swift */ = {isa = PBXFileReference; lastKnownFileType = sourcecode.swift; path = Rating.swift; sourceTree = "<group>"; };
		571EF56323E10A71006E678A /* MoviePosterTableViewCell.swift */ = {isa = PBXFileReference; fileEncoding = 4; lastKnownFileType = sourcecode.swift; path = MoviePosterTableViewCell.swift; sourceTree = "<group>"; };
		5721E62E23DC729E00654197 /* Sinefil.app */ = {isa = PBXFileReference; explicitFileType = wrapper.application; includeInIndex = 0; path = Sinefil.app; sourceTree = BUILT_PRODUCTS_DIR; };
		5721E63123DC729E00654197 /* AppDelegate.swift */ = {isa = PBXFileReference; lastKnownFileType = sourcecode.swift; path = AppDelegate.swift; sourceTree = "<group>"; };
		5721E63523DC729E00654197 /* SplashScreenViewController.swift */ = {isa = PBXFileReference; lastKnownFileType = sourcecode.swift; path = SplashScreenViewController.swift; sourceTree = "<group>"; };
		5721E63A23DC72A000654197 /* Assets.xcassets */ = {isa = PBXFileReference; lastKnownFileType = folder.assetcatalog; path = Assets.xcassets; sourceTree = "<group>"; };
		5721E63D23DC72A000654197 /* Base */ = {isa = PBXFileReference; lastKnownFileType = file.storyboard; name = Base; path = Base.lproj/LaunchScreen.storyboard; sourceTree = "<group>"; };
		5721E63F23DC72A000654197 /* Info.plist */ = {isa = PBXFileReference; lastKnownFileType = text.plist.xml; path = Info.plist; sourceTree = "<group>"; };
		5721E64B23DC750A00654197 /* SplashScreenView.swift */ = {isa = PBXFileReference; lastKnownFileType = sourcecode.swift; path = SplashScreenView.swift; sourceTree = "<group>"; };
		5721E65023DC756800654197 /* SFViewController.swift */ = {isa = PBXFileReference; lastKnownFileType = sourcecode.swift; path = SFViewController.swift; sourceTree = "<group>"; };
		5721E65223DC76D400654197 /* SFView.swift */ = {isa = PBXFileReference; lastKnownFileType = sourcecode.swift; path = SFView.swift; sourceTree = "<group>"; };
		5721E65923DC81D100654197 /* ApiConstants.swift */ = {isa = PBXFileReference; lastKnownFileType = sourcecode.swift; path = ApiConstants.swift; sourceTree = "<group>"; };
		5721E65D23DC86A300654197 /* Utilities.swift */ = {isa = PBXFileReference; lastKnownFileType = sourcecode.swift; path = Utilities.swift; sourceTree = "<group>"; };
		5721E65F23DC944A00654197 /* Alert.swift */ = {isa = PBXFileReference; lastKnownFileType = sourcecode.swift; path = Alert.swift; sourceTree = "<group>"; };
		5721E66323DCA28D00654197 /* LayoutConstants.swift */ = {isa = PBXFileReference; lastKnownFileType = sourcecode.swift; path = LayoutConstants.swift; sourceTree = "<group>"; };
		5721E66823DCA6F000654197 /* Quicksand-Light.ttf */ = {isa = PBXFileReference; lastKnownFileType = file; path = "Quicksand-Light.ttf"; sourceTree = "<group>"; };
		5721E66923DCA6F000654197 /* Quicksand-SemiBold.ttf */ = {isa = PBXFileReference; lastKnownFileType = file; path = "Quicksand-SemiBold.ttf"; sourceTree = "<group>"; };
		5721E66A23DCA6F000654197 /* Quicksand-Regular.ttf */ = {isa = PBXFileReference; lastKnownFileType = file; path = "Quicksand-Regular.ttf"; sourceTree = "<group>"; };
		5721E66B23DCA6F000654197 /* Quicksand-Medium.ttf */ = {isa = PBXFileReference; lastKnownFileType = file; path = "Quicksand-Medium.ttf"; sourceTree = "<group>"; };
		5721E66C23DCA6F000654197 /* Quicksand-Bold.ttf */ = {isa = PBXFileReference; lastKnownFileType = file; path = "Quicksand-Bold.ttf"; sourceTree = "<group>"; };
		5721E67323DCA7CA00654197 /* Font.swift */ = {isa = PBXFileReference; lastKnownFileType = sourcecode.swift; path = Font.swift; sourceTree = "<group>"; };
		5740F29823E1B9B400D789E6 /* Sinefil.entitlements */ = {isa = PBXFileReference; lastKnownFileType = text.plist.entitlements; path = Sinefil.entitlements; sourceTree = "<group>"; };
		5741F8E723DCB99F00DAA13A /* MainTableViewController.swift */ = {isa = PBXFileReference; lastKnownFileType = sourcecode.swift; path = MainTableViewController.swift; sourceTree = "<group>"; };
		5741F8ED23DCC66C00DAA13A /* RemoteConfigDefaults.plist */ = {isa = PBXFileReference; lastKnownFileType = text.plist.xml; path = RemoteConfigDefaults.plist; sourceTree = "<group>"; };
		577FD91123DE6FF2000A46B2 /* en */ = {isa = PBXFileReference; lastKnownFileType = text.plist.strings; name = en; path = en.lproj/Localizable.strings; sourceTree = "<group>"; };
		577FD91323DE7037000A46B2 /* tr */ = {isa = PBXFileReference; lastKnownFileType = text.plist.strings; name = tr; path = tr.lproj/LaunchScreen.strings; sourceTree = "<group>"; };
		577FD91423DE7037000A46B2 /* tr */ = {isa = PBXFileReference; lastKnownFileType = text.plist.strings; name = tr; path = tr.lproj/Localizable.strings; sourceTree = "<group>"; };
		577FD92023DEFD4A000A46B2 /* SFTableViewController.swift */ = {isa = PBXFileReference; lastKnownFileType = sourcecode.swift; path = SFTableViewController.swift; sourceTree = "<group>"; };
		577FD92323DF0327000A46B2 /* BackgroundView.swift */ = {isa = PBXFileReference; lastKnownFileType = sourcecode.swift; path = BackgroundView.swift; sourceTree = "<group>"; };
		57BEEF2A24002DC300A7DA5F /* Network.swift */ = {isa = PBXFileReference; lastKnownFileType = sourcecode.swift; path = Network.swift; sourceTree = "<group>"; };
		57BEEF2D2400322B00A7DA5F /* UIImageView+downloadImage.swift */ = {isa = PBXFileReference; lastKnownFileType = sourcecode.swift; path = "UIImageView+downloadImage.swift"; sourceTree = "<group>"; };
		CC74BB6494A91EA127F47033 /* Pods-Sinefil.release.xcconfig */ = {isa = PBXFileReference; includeInIndex = 1; lastKnownFileType = text.xcconfig; name = "Pods-Sinefil.release.xcconfig"; path = "Target Support Files/Pods-Sinefil/Pods-Sinefil.release.xcconfig"; sourceTree = "<group>"; };
		FAB52F7777689C400627FA62 /* Pods_Sinefil.framework */ = {isa = PBXFileReference; explicitFileType = wrapper.framework; includeInIndex = 0; path = Pods_Sinefil.framework; sourceTree = BUILT_PRODUCTS_DIR; };
/* End PBXFileReference section */

/* Begin PBXFrameworksBuildPhase section */
		5721E62B23DC729E00654197 /* Frameworks */ = {
			isa = PBXFrameworksBuildPhase;
			buildActionMask = 2147483647;
			files = (
				D03E13C972B1ACE84D7CB9AC /* Pods_Sinefil.framework in Frameworks */,
			);
			runOnlyForDeploymentPostprocessing = 0;
		};
/* End PBXFrameworksBuildPhase section */

/* Begin PBXGroup section */
		4CEED4364D95B02372AC20BB /* Pods */ = {
			isa = PBXGroup;
			children = (
				3D704B5B68C6283E6FD9A598 /* Pods-Sinefil.debug.xcconfig */,
				CC74BB6494A91EA127F47033 /* Pods-Sinefil.release.xcconfig */,
			);
			path = Pods;
			sourceTree = "<group>";
		};
		571EF54623DF2FC5006E678A /* BussinesLogic */ = {
			isa = PBXGroup;
			children = (
				571EF54723DF2FCF006E678A /* Movie.swift */,
				571EF54C23DF6C1B006E678A /* Search.swift */,
				571EF55F23E0C12E006E678A /* MovieDetail.swift */,
				571EF56123E0C2C9006E678A /* Rating.swift */,
			);
			path = BussinesLogic;
			sourceTree = "<group>";
		};
		571EF54923DF32A9006E678A /* Cell */ = {
			isa = PBXGroup;
			children = (
				571EF54A23DF32CD006E678A /* MovieTableViewCell.swift */,
			);
			path = Cell;
			sourceTree = "<group>";
		};
		571EF55223DF943E006E678A /* MovieDetail */ = {
			isa = PBXGroup;
			children = (
				571EF56523E10A75006E678A /* Cell */,
				571EF55323DF97DF006E678A /* MovieDetailViewController.swift */,
			);
			path = MovieDetail;
			sourceTree = "<group>";
		};
		571EF56523E10A75006E678A /* Cell */ = {
			isa = PBXGroup;
			children = (
				571EF56323E10A71006E678A /* MoviePosterTableViewCell.swift */,
			);
			path = Cell;
			sourceTree = "<group>";
		};
		5721E62523DC729E00654197 = {
			isa = PBXGroup;
			children = (
				5721E63023DC729E00654197 /* Sinefil */,
				5721E62F23DC729E00654197 /* Products */,
				4CEED4364D95B02372AC20BB /* Pods */,
				7562EBCE2DD8AA3D215370A3 /* Frameworks */,
			);
			sourceTree = "<group>";
		};
		5721E62F23DC729E00654197 /* Products */ = {
			isa = PBXGroup;
			children = (
				5721E62E23DC729E00654197 /* Sinefil.app */,
			);
			name = Products;
			sourceTree = "<group>";
		};
		5721E63023DC729E00654197 /* Sinefil */ = {
			isa = PBXGroup;
			children = (
				5740F29823E1B9B400D789E6 /* Sinefil.entitlements */,
				5721E64823DC72E500654197 /* SupportFiles */,
				5721E64723DC72DC00654197 /* Models */,
				5721E64623DC72D700654197 /* Controllers */,
				5721E64523DC72D200654197 /* Views */,
			);
			path = Sinefil;
			sourceTree = "<group>";
		};
		5721E64523DC72D200654197 /* Views */ = {
			isa = PBXGroup;
			children = (
			);
			path = Views;
			sourceTree = "<group>";
		};
		5721E64623DC72D700654197 /* Controllers */ = {
			isa = PBXGroup;
			children = (
				571EF55223DF943E006E678A /* MovieDetail */,
				5741F8E623DCB96900DAA13A /* Main */,
				5721E64923DC739700654197 /* SplashScreen */,
			);
			path = Controllers;
			sourceTree = "<group>";
		};
		5721E64723DC72DC00654197 /* Models */ = {
			isa = PBXGroup;
			children = (
				571EF54623DF2FC5006E678A /* BussinesLogic */,
				5721E64E23DC753E00654197 /* Views */,
				5721E64D23DC752900654197 /* Controllers */,
			);
			path = Models;
			sourceTree = "<group>";
		};
		5721E64823DC72E500654197 /* SupportFiles */ = {
			isa = PBXGroup;
			children = (
				57BEEF2C240031DA00A7DA5F /* Extensions */,
				577FD90D23DE6F4E000A46B2 /* Localization */,
				5721E66723DCA6C100654197 /* Fonts */,
				5721E65B23DC866E00654197 /* Utilities */,
				5721E65823DC81BE00654197 /* Constants */,
				5721E65723DC81B100654197 /* PropertyLists */,
				5721E65623DC81A300654197 /* LaunchScreens */,
				5721E65523DC819600654197 /* Assets */,
				5721E65423DC818B00654197 /* Delegates */,
			);
			path = SupportFiles;
			sourceTree = "<group>";
		};
		5721E64923DC739700654197 /* SplashScreen */ = {
			isa = PBXGroup;
			children = (
				5721E64A23DC74FB00654197 /* View */,
				5721E63523DC729E00654197 /* SplashScreenViewController.swift */,
			);
			path = SplashScreen;
			sourceTree = "<group>";
		};
		5721E64A23DC74FB00654197 /* View */ = {
			isa = PBXGroup;
			children = (
				5721E64B23DC750A00654197 /* SplashScreenView.swift */,
			);
			path = View;
			sourceTree = "<group>";
		};
		5721E64D23DC752900654197 /* Controllers */ = {
			isa = PBXGroup;
			children = (
				5721E65023DC756800654197 /* SFViewController.swift */,
				577FD92023DEFD4A000A46B2 /* SFTableViewController.swift */,
			);
			path = Controllers;
			sourceTree = "<group>";
		};
		5721E64E23DC753E00654197 /* Views */ = {
			isa = PBXGroup;
			children = (
				5721E65223DC76D400654197 /* SFView.swift */,
				571EF55823E043A2006E678A /* SFTableView.swift */,
				571EF55D23E0BE2F006E678A /* SFTableViewCell.swift */,
			);
			path = Views;
			sourceTree = "<group>";
		};
		5721E65423DC818B00654197 /* Delegates */ = {
			isa = PBXGroup;
			children = (
				5721E63123DC729E00654197 /* AppDelegate.swift */,
			);
			path = Delegates;
			sourceTree = "<group>";
		};
		5721E65523DC819600654197 /* Assets */ = {
			isa = PBXGroup;
			children = (
				5721E63A23DC72A000654197 /* Assets.xcassets */,
			);
			path = Assets;
			sourceTree = "<group>";
		};
		5721E65623DC81A300654197 /* LaunchScreens */ = {
			isa = PBXGroup;
			children = (
				5721E63C23DC72A000654197 /* LaunchScreen.storyboard */,
			);
			path = LaunchScreens;
			sourceTree = "<group>";
		};
		5721E65723DC81B100654197 /* PropertyLists */ = {
			isa = PBXGroup;
			children = (
				571EF54F23DF91BC006E678A /* GoogleService-Info.plist */,
				571EF54E23DF91BC006E678A /* Private-Info.plist */,
				5741F8ED23DCC66C00DAA13A /* RemoteConfigDefaults.plist */,
				5721E63F23DC72A000654197 /* Info.plist */,
			);
			path = PropertyLists;
			sourceTree = "<group>";
		};
		5721E65823DC81BE00654197 /* Constants */ = {
			isa = PBXGroup;
			children = (
				5721E65923DC81D100654197 /* ApiConstants.swift */,
				5721E66323DCA28D00654197 /* LayoutConstants.swift */,
			);
			path = Constants;
			sourceTree = "<group>";
		};
		5721E65B23DC866E00654197 /* Utilities */ = {
			isa = PBXGroup;
			children = (
				5721E67323DCA7CA00654197 /* Font.swift */,
				5721E65D23DC86A300654197 /* Utilities.swift */,
				5721E65F23DC944A00654197 /* Alert.swift */,
				57BEEF2A24002DC300A7DA5F /* Network.swift */,
			);
			path = Utilities;
			sourceTree = "<group>";
		};
		5721E66723DCA6C100654197 /* Fonts */ = {
			isa = PBXGroup;
			children = (
				5721E66D23DCA6F500654197 /* Quicksand */,
			);
			path = Fonts;
			sourceTree = "<group>";
		};
		5721E66D23DCA6F500654197 /* Quicksand */ = {
			isa = PBXGroup;
			children = (
				5721E66C23DCA6F000654197 /* Quicksand-Bold.ttf */,
				5721E66823DCA6F000654197 /* Quicksand-Light.ttf */,
				5721E66B23DCA6F000654197 /* Quicksand-Medium.ttf */,
				5721E66A23DCA6F000654197 /* Quicksand-Regular.ttf */,
				5721E66923DCA6F000654197 /* Quicksand-SemiBold.ttf */,
			);
			path = Quicksand;
			sourceTree = "<group>";
		};
		5741F8E623DCB96900DAA13A /* Main */ = {
			isa = PBXGroup;
			children = (
				571EF54923DF32A9006E678A /* Cell */,
				577FD92223DF02F0000A46B2 /* View */,
				5741F8E723DCB99F00DAA13A /* MainTableViewController.swift */,
			);
			path = Main;
			sourceTree = "<group>";
		};
		577FD90D23DE6F4E000A46B2 /* Localization */ = {
			isa = PBXGroup;
			children = (
				577FD91223DE6FF2000A46B2 /* Localizable.strings */,
			);
			path = Localization;
			sourceTree = "<group>";
		};
		577FD92223DF02F0000A46B2 /* View */ = {
			isa = PBXGroup;
			children = (
				577FD92323DF0327000A46B2 /* BackgroundView.swift */,
			);
			path = View;
			sourceTree = "<group>";
		};
		57BEEF2C240031DA00A7DA5F /* Extensions */ = {
			isa = PBXGroup;
			children = (
				57BEEF2D2400322B00A7DA5F /* UIImageView+downloadImage.swift */,
			);
			path = Extensions;
			sourceTree = "<group>";
		};
		7562EBCE2DD8AA3D215370A3 /* Frameworks */ = {
			isa = PBXGroup;
			children = (
				FAB52F7777689C400627FA62 /* Pods_Sinefil.framework */,
			);
			name = Frameworks;
			sourceTree = "<group>";
		};
/* End PBXGroup section */

/* Begin PBXNativeTarget section */
		5721E62D23DC729E00654197 /* Sinefil */ = {
			isa = PBXNativeTarget;
			buildConfigurationList = 5721E64223DC72A000654197 /* Build configuration list for PBXNativeTarget "Sinefil" */;
			buildPhases = (
				D920AF13949881C699630874 /* [CP] Check Pods Manifest.lock */,
				5721E62A23DC729E00654197 /* Sources */,
				5721E62B23DC729E00654197 /* Frameworks */,
				5721E62C23DC729E00654197 /* Resources */,
				50F6EFE81BAC77A063C036D7 /* [CP] Embed Pods Frameworks */,
			);
			buildRules = (
			);
			dependencies = (
			);
			name = Sinefil;
			productName = Sinefil;
			productReference = 5721E62E23DC729E00654197 /* Sinefil.app */;
			productType = "com.apple.product-type.application";
		};
/* End PBXNativeTarget section */

/* Begin PBXProject section */
		5721E62623DC729E00654197 /* Project object */ = {
			isa = PBXProject;
			attributes = {
				LastSwiftUpdateCheck = 1130;
				LastUpgradeCheck = 1130;
				ORGANIZATIONNAME = "Muhammed KARAKUL";
				TargetAttributes = {
					5721E62D23DC729E00654197 = {
						CreatedOnToolsVersion = 11.3.1;
					};
				};
			};
			buildConfigurationList = 5721E62923DC729E00654197 /* Build configuration list for PBXProject "Sinefil" */;
			compatibilityVersion = "Xcode 9.3";
			developmentRegion = en;
			hasScannedForEncodings = 0;
			knownRegions = (
				en,
				Base,
				tr,
			);
			mainGroup = 5721E62523DC729E00654197;
			productRefGroup = 5721E62F23DC729E00654197 /* Products */;
			projectDirPath = "";
			projectRoot = "";
			targets = (
				5721E62D23DC729E00654197 /* Sinefil */,
			);
		};
/* End PBXProject section */

/* Begin PBXResourcesBuildPhase section */
		5721E62C23DC729E00654197 /* Resources */ = {
			isa = PBXResourcesBuildPhase;
			buildActionMask = 2147483647;
			files = (
				5721E63E23DC72A000654197 /* LaunchScreen.storyboard in Resources */,
				5721E67223DCA70400654197 /* Quicksand-SemiBold.ttf in Resources */,
				5741F8EE23DCC66C00DAA13A /* RemoteConfigDefaults.plist in Resources */,
				5721E63B23DC72A000654197 /* Assets.xcassets in Resources */,
				5721E67123DCA70400654197 /* Quicksand-Regular.ttf in Resources */,
				5721E66E23DCA70400654197 /* Quicksand-Bold.ttf in Resources */,
				571EF55023DF91BC006E678A /* Private-Info.plist in Resources */,
				577FD91023DE6FF2000A46B2 /* Localizable.strings in Resources */,
				571EF55123DF91BC006E678A /* GoogleService-Info.plist in Resources */,
				5721E66F23DCA70400654197 /* Quicksand-Light.ttf in Resources */,
				5721E67023DCA70400654197 /* Quicksand-Medium.ttf in Resources */,
			);
			runOnlyForDeploymentPostprocessing = 0;
		};
/* End PBXResourcesBuildPhase section */

/* Begin PBXShellScriptBuildPhase section */
		50F6EFE81BAC77A063C036D7 /* [CP] Embed Pods Frameworks */ = {
			isa = PBXShellScriptBuildPhase;
			buildActionMask = 2147483647;
			files = (
			);
			inputFileListPaths = (
				"${PODS_ROOT}/Target Support Files/Pods-Sinefil/Pods-Sinefil-frameworks-${CONFIGURATION}-input-files.xcfilelist",
			);
			name = "[CP] Embed Pods Frameworks";
			outputFileListPaths = (
				"${PODS_ROOT}/Target Support Files/Pods-Sinefil/Pods-Sinefil-frameworks-${CONFIGURATION}-output-files.xcfilelist",
			);
			runOnlyForDeploymentPostprocessing = 0;
			shellPath = /bin/sh;
			shellScript = "\"${PODS_ROOT}/Target Support Files/Pods-Sinefil/Pods-Sinefil-frameworks.sh\"\n";
			showEnvVarsInLog = 0;
		};
		D920AF13949881C699630874 /* [CP] Check Pods Manifest.lock */ = {
			isa = PBXShellScriptBuildPhase;
			buildActionMask = 2147483647;
			files = (
			);
			inputFileListPaths = (
			);
			inputPaths = (
				"${PODS_PODFILE_DIR_PATH}/Podfile.lock",
				"${PODS_ROOT}/Manifest.lock",
			);
			name = "[CP] Check Pods Manifest.lock";
			outputFileListPaths = (
			);
			outputPaths = (
				"$(DERIVED_FILE_DIR)/Pods-Sinefil-checkManifestLockResult.txt",
			);
			runOnlyForDeploymentPostprocessing = 0;
			shellPath = /bin/sh;
			shellScript = "diff \"${PODS_PODFILE_DIR_PATH}/Podfile.lock\" \"${PODS_ROOT}/Manifest.lock\" > /dev/null\nif [ $? != 0 ] ; then\n    # print error to STDERR\n    echo \"error: The sandbox is not in sync with the Podfile.lock. Run 'pod install' or update your CocoaPods installation.\" >&2\n    exit 1\nfi\n# This output is used by Xcode 'outputs' to avoid re-running this script phase.\necho \"SUCCESS\" > \"${SCRIPT_OUTPUT_FILE_0}\"\n";
			showEnvVarsInLog = 0;
		};
/* End PBXShellScriptBuildPhase section */

/* Begin PBXSourcesBuildPhase section */
		5721E62A23DC729E00654197 /* Sources */ = {
			isa = PBXSourcesBuildPhase;
			buildActionMask = 2147483647;
			files = (
				571EF54823DF2FCF006E678A /* Movie.swift in Sources */,
				5721E66423DCA28D00654197 /* LayoutConstants.swift in Sources */,
				5741F8E823DCB99F00DAA13A /* MainTableViewController.swift in Sources */,
				5721E64C23DC750A00654197 /* SplashScreenView.swift in Sources */,
				5721E65123DC756800654197 /* SFViewController.swift in Sources */,
				571EF54B23DF32CD006E678A /* MovieTableViewCell.swift in Sources */,
				571EF55423DF97DF006E678A /* MovieDetailViewController.swift in Sources */,
				571EF56423E10A71006E678A /* MoviePosterTableViewCell.swift in Sources */,
				5721E65E23DC86A300654197 /* Utilities.swift in Sources */,
				5721E67423DCA7CA00654197 /* Font.swift in Sources */,
				577FD92123DEFD4A000A46B2 /* SFTableViewController.swift in Sources */,
				5721E63623DC729E00654197 /* SplashScreenViewController.swift in Sources */,
				57BEEF2E2400322B00A7DA5F /* UIImageView+downloadImage.swift in Sources */,
				571EF55E23E0BE2F006E678A /* SFTableViewCell.swift in Sources */,
				5721E65323DC76D400654197 /* SFView.swift in Sources */,
				5721E63223DC729E00654197 /* AppDelegate.swift in Sources */,
				5721E66023DC944A00654197 /* Alert.swift in Sources */,
				571EF55923E043A2006E678A /* SFTableView.swift in Sources */,
				571EF54D23DF6C1B006E678A /* Search.swift in Sources */,
				571EF56223E0C2C9006E678A /* Rating.swift in Sources */,
				577FD92423DF0327000A46B2 /* BackgroundView.swift in Sources */,
				5721E65A23DC81D100654197 /* ApiConstants.swift in Sources */,
				571EF56023E0C12E006E678A /* MovieDetail.swift in Sources */,
				57BEEF2B24002DC300A7DA5F /* Network.swift in Sources */,
			);
			runOnlyForDeploymentPostprocessing = 0;
		};
/* End PBXSourcesBuildPhase section */

/* Begin PBXVariantGroup section */
		5721E63C23DC72A000654197 /* LaunchScreen.storyboard */ = {
			isa = PBXVariantGroup;
			children = (
				5721E63D23DC72A000654197 /* Base */,
				577FD91323DE7037000A46B2 /* tr */,
			);
			name = LaunchScreen.storyboard;
			sourceTree = "<group>";
		};
		577FD91223DE6FF2000A46B2 /* Localizable.strings */ = {
			isa = PBXVariantGroup;
			children = (
				577FD91123DE6FF2000A46B2 /* en */,
				577FD91423DE7037000A46B2 /* tr */,
			);
			name = Localizable.strings;
			sourceTree = "<group>";
		};
/* End PBXVariantGroup section */

/* Begin XCBuildConfiguration section */
		5721E64023DC72A000654197 /* Debug */ = {
			isa = XCBuildConfiguration;
			buildSettings = {
				ALWAYS_SEARCH_USER_PATHS = NO;
				CLANG_ANALYZER_LOCALIZABILITY_NONLOCALIZED = YES;
				CLANG_ANALYZER_NONNULL = YES;
				CLANG_ANALYZER_NUMBER_OBJECT_CONVERSION = YES_AGGRESSIVE;
				CLANG_CXX_LANGUAGE_STANDARD = "gnu++14";
				CLANG_CXX_LIBRARY = "libc++";
				CLANG_ENABLE_MODULES = YES;
				CLANG_ENABLE_OBJC_ARC = YES;
				CLANG_ENABLE_OBJC_WEAK = YES;
				CLANG_WARN_BLOCK_CAPTURE_AUTORELEASING = YES;
				CLANG_WARN_BOOL_CONVERSION = YES;
				CLANG_WARN_COMMA = YES;
				CLANG_WARN_CONSTANT_CONVERSION = YES;
				CLANG_WARN_DEPRECATED_OBJC_IMPLEMENTATIONS = YES;
				CLANG_WARN_DIRECT_OBJC_ISA_USAGE = YES_ERROR;
				CLANG_WARN_DOCUMENTATION_COMMENTS = YES;
				CLANG_WARN_EMPTY_BODY = YES;
				CLANG_WARN_ENUM_CONVERSION = YES;
				CLANG_WARN_INFINITE_RECURSION = YES;
				CLANG_WARN_INT_CONVERSION = YES;
				CLANG_WARN_NON_LITERAL_NULL_CONVERSION = YES;
				CLANG_WARN_OBJC_IMPLICIT_RETAIN_SELF = YES;
				CLANG_WARN_OBJC_LITERAL_CONVERSION = YES;
				CLANG_WARN_OBJC_ROOT_CLASS = YES_ERROR;
				CLANG_WARN_RANGE_LOOP_ANALYSIS = YES;
				CLANG_WARN_STRICT_PROTOTYPES = YES;
				CLANG_WARN_SUSPICIOUS_MOVE = YES;
				CLANG_WARN_UNGUARDED_AVAILABILITY = YES_AGGRESSIVE;
				CLANG_WARN_UNREACHABLE_CODE = YES;
				CLANG_WARN__DUPLICATE_METHOD_MATCH = YES;
				COPY_PHASE_STRIP = NO;
				DEBUG_INFORMATION_FORMAT = dwarf;
				ENABLE_STRICT_OBJC_MSGSEND = YES;
				ENABLE_TESTABILITY = YES;
				GCC_C_LANGUAGE_STANDARD = gnu11;
				GCC_DYNAMIC_NO_PIC = NO;
				GCC_NO_COMMON_BLOCKS = YES;
				GCC_OPTIMIZATION_LEVEL = 0;
				GCC_PREPROCESSOR_DEFINITIONS = (
					"DEBUG=1",
					"$(inherited)",
				);
				GCC_WARN_64_TO_32_BIT_CONVERSION = YES;
				GCC_WARN_ABOUT_RETURN_TYPE = YES_ERROR;
				GCC_WARN_UNDECLARED_SELECTOR = YES;
				GCC_WARN_UNINITIALIZED_AUTOS = YES_AGGRESSIVE;
				GCC_WARN_UNUSED_FUNCTION = YES;
				GCC_WARN_UNUSED_VARIABLE = YES;
				IPHONEOS_DEPLOYMENT_TARGET = 13.2;
				MTL_ENABLE_DEBUG_INFO = INCLUDE_SOURCE;
				MTL_FAST_MATH = YES;
				ONLY_ACTIVE_ARCH = YES;
				SDKROOT = iphoneos;
				SWIFT_ACTIVE_COMPILATION_CONDITIONS = DEBUG;
				SWIFT_OPTIMIZATION_LEVEL = "-Onone";
			};
			name = Debug;
		};
		5721E64123DC72A000654197 /* Release */ = {
			isa = XCBuildConfiguration;
			buildSettings = {
				ALWAYS_SEARCH_USER_PATHS = NO;
				CLANG_ANALYZER_LOCALIZABILITY_NONLOCALIZED = YES;
				CLANG_ANALYZER_NONNULL = YES;
				CLANG_ANALYZER_NUMBER_OBJECT_CONVERSION = YES_AGGRESSIVE;
				CLANG_CXX_LANGUAGE_STANDARD = "gnu++14";
				CLANG_CXX_LIBRARY = "libc++";
				CLANG_ENABLE_MODULES = YES;
				CLANG_ENABLE_OBJC_ARC = YES;
				CLANG_ENABLE_OBJC_WEAK = YES;
				CLANG_WARN_BLOCK_CAPTURE_AUTORELEASING = YES;
				CLANG_WARN_BOOL_CONVERSION = YES;
				CLANG_WARN_COMMA = YES;
				CLANG_WARN_CONSTANT_CONVERSION = YES;
				CLANG_WARN_DEPRECATED_OBJC_IMPLEMENTATIONS = YES;
				CLANG_WARN_DIRECT_OBJC_ISA_USAGE = YES_ERROR;
				CLANG_WARN_DOCUMENTATION_COMMENTS = YES;
				CLANG_WARN_EMPTY_BODY = YES;
				CLANG_WARN_ENUM_CONVERSION = YES;
				CLANG_WARN_INFINITE_RECURSION = YES;
				CLANG_WARN_INT_CONVERSION = YES;
				CLANG_WARN_NON_LITERAL_NULL_CONVERSION = YES;
				CLANG_WARN_OBJC_IMPLICIT_RETAIN_SELF = YES;
				CLANG_WARN_OBJC_LITERAL_CONVERSION = YES;
				CLANG_WARN_OBJC_ROOT_CLASS = YES_ERROR;
				CLANG_WARN_RANGE_LOOP_ANALYSIS = YES;
				CLANG_WARN_STRICT_PROTOTYPES = YES;
				CLANG_WARN_SUSPICIOUS_MOVE = YES;
				CLANG_WARN_UNGUARDED_AVAILABILITY = YES_AGGRESSIVE;
				CLANG_WARN_UNREACHABLE_CODE = YES;
				CLANG_WARN__DUPLICATE_METHOD_MATCH = YES;
				COPY_PHASE_STRIP = NO;
				DEBUG_INFORMATION_FORMAT = "dwarf-with-dsym";
				ENABLE_NS_ASSERTIONS = NO;
				ENABLE_STRICT_OBJC_MSGSEND = YES;
				GCC_C_LANGUAGE_STANDARD = gnu11;
				GCC_NO_COMMON_BLOCKS = YES;
				GCC_WARN_64_TO_32_BIT_CONVERSION = YES;
				GCC_WARN_ABOUT_RETURN_TYPE = YES_ERROR;
				GCC_WARN_UNDECLARED_SELECTOR = YES;
				GCC_WARN_UNINITIALIZED_AUTOS = YES_AGGRESSIVE;
				GCC_WARN_UNUSED_FUNCTION = YES;
				GCC_WARN_UNUSED_VARIABLE = YES;
				IPHONEOS_DEPLOYMENT_TARGET = 13.2;
				MTL_ENABLE_DEBUG_INFO = NO;
				MTL_FAST_MATH = YES;
				SDKROOT = iphoneos;
				SWIFT_COMPILATION_MODE = wholemodule;
				SWIFT_OPTIMIZATION_LEVEL = "-O";
				VALIDATE_PRODUCT = YES;
			};
			name = Release;
		};
		5721E64323DC72A000654197 /* Debug */ = {
			isa = XCBuildConfiguration;
			baseConfigurationReference = 3D704B5B68C6283E6FD9A598 /* Pods-Sinefil.debug.xcconfig */;
			buildSettings = {
				ASSETCATALOG_COMPILER_APPICON_NAME = AppIcon;
				CODE_SIGN_ENTITLEMENTS = Sinefil/Sinefil.entitlements;
				CODE_SIGN_IDENTITY = "Apple Development";
				CODE_SIGN_STYLE = Automatic;
				DEVELOPMENT_TEAM = P3PB4F7F3W;
				INFOPLIST_FILE = "$(SRCROOT)/Sinefil/SupportFiles/PropertyLists/Info.plist";
				IPHONEOS_DEPLOYMENT_TARGET = 8.0;
				LD_RUNPATH_SEARCH_PATHS = (
					"$(inherited)",
					"@executable_path/Frameworks",
				);
				PRODUCT_BUNDLE_IDENTIFIER = com.muhammedtayyibkarakul.Sinefil;
				PRODUCT_NAME = "$(TARGET_NAME)";
				PROVISIONING_PROFILE_SPECIFIER = "";
				SWIFT_VERSION = 5.0;
				TARGETED_DEVICE_FAMILY = 1;
			};
			name = Debug;
		};
		5721E64423DC72A000654197 /* Release */ = {
			isa = XCBuildConfiguration;
			baseConfigurationReference = CC74BB6494A91EA127F47033 /* Pods-Sinefil.release.xcconfig */;
			buildSettings = {
				ASSETCATALOG_COMPILER_APPICON_NAME = AppIcon;
				CODE_SIGN_ENTITLEMENTS = Sinefil/Sinefil.entitlements;
				CODE_SIGN_IDENTITY = "Apple Development";
				CODE_SIGN_STYLE = Automatic;
				DEVELOPMENT_TEAM = P3PB4F7F3W;
				INFOPLIST_FILE = "$(SRCROOT)/Sinefil/SupportFiles/PropertyLists/Info.plist";
				IPHONEOS_DEPLOYMENT_TARGET = 8.0;
				LD_RUNPATH_SEARCH_PATHS = (
					"$(inherited)",
					"@executable_path/Frameworks",
				);
				PRODUCT_BUNDLE_IDENTIFIER = com.muhammedtayyibkarakul.Sinefil;
				PRODUCT_NAME = "$(TARGET_NAME)";
				PROVISIONING_PROFILE_SPECIFIER = "";
				SWIFT_VERSION = 5.0;
				TARGETED_DEVICE_FAMILY = 1;
			};
			name = Release;
		};
/* End XCBuildConfiguration section */

/* Begin XCConfigurationList section */
		5721E62923DC729E00654197 /* Build configuration list for PBXProject "Sinefil" */ = {
			isa = XCConfigurationList;
			buildConfigurations = (
				5721E64023DC72A000654197 /* Debug */,
				5721E64123DC72A000654197 /* Release */,
			);
			defaultConfigurationIsVisible = 0;
			defaultConfigurationName = Release;
		};
		5721E64223DC72A000654197 /* Build configuration list for PBXNativeTarget "Sinefil" */ = {
			isa = XCConfigurationList;
			buildConfigurations = (
				5721E64323DC72A000654197 /* Debug */,
				5721E64423DC72A000654197 /* Release */,
			);
			defaultConfigurationIsVisible = 0;
			defaultConfigurationName = Release;
		};
/* End XCConfigurationList section */
	};
	rootObject = 5721E62623DC729E00654197 /* Project object */;
}
